
Microsoft Visual Studio Solution File, Format Version 12.00
# Visual Studio 15
VisualStudioVersion = 14.0.25123.0
MinimumVisualStudioVersion = 10.0.40219.1
Project("{2150E333-8FDC-42A3-9474-1A3956D46DE8}") = "Libs", "Libs", "{2CD11000-CC8E-43F3-8C3B-127DF052ECF0}"
EndProject
Project("{8BC9CEB8-8B4A-11D0-8D11-00A0C91BC942}") = "Game", "..\Game\vs_2017\Game.vcxproj", "{949C68E3-D541-46AE-83A0-4A0019185541}"
EndProject
Project("{8BC9CEB8-8B4A-11D0-8D11-00A0C91BC942}") = "Engine", "..\Engine\vs_2017\Engine.vcxproj", "{E24ED2EE-3B52-433E-8C44-479A840B9541}"
EndProject
Project("{8BC9CEB8-8B4A-11D0-8D11-00A0C91BC942}") = "Assimp", "..\externals\assimp\vs_2017\Assimp.vcxproj", "{A0FD3A85-698F-45FC-9277-E7F2B8687F2D}"
EndProject
Project("{2150E333-8FDC-42A3-9474-1A3956D46DE8}") = "FreeImage", "FreeImage", "{45E22C93-1FF6-4456-AC88-95CFE09A2CD4}"
EndProject
Project("{8BC9CEB8-8B4A-11D0-8D11-00A0C91BC942}") = "LibJPEG", "..\externals\FreeImage-3.17.0\Source\LibJPEG\LibJPEG.2013.vcxproj", "{5E1D4E5F-E10C-4BA3-B663-F33014FD21D9}"
EndProject
Project("{8BC9CEB8-8B4A-11D0-8D11-00A0C91BC942}") = "LibJXR", "..\externals\FreeImage-3.17.0\Source\LibJXR\LibJXR.2013.vcxproj", "{244455E0-5F25-4451-9540-F317883E52A8}"
EndProject
Project("{8BC9CEB8-8B4A-11D0-8D11-00A0C91BC942}") = "LibOpenJPEG", "..\externals\FreeImage-3.17.0\Source\LibOpenJPEG\LibOpenJPEG.2013.vcxproj", "{E3536C28-A7F1-4B53-8E52-7D2232F9E098}"
EndProject
Project("{8BC9CEB8-8B4A-11D0-8D11-00A0C91BC942}") = "LibPNG", "..\externals\FreeImage-3.17.0\Source\LibPNG\LibPNG.2013.vcxproj", "{7DB10B50-CE00-4D7A-B322-6824F05D2FCB}"
EndProject
Project("{8BC9CEB8-8B4A-11D0-8D11-00A0C91BC942}") = "LibRaw", "..\externals\FreeImage-3.17.0\Source\LibRawLite\LibRawLite.2013.vcxproj", "{07F662C1-1323-42AB-B6AF-FBFD34A7437A}"
EndProject
Project("{8BC9CEB8-8B4A-11D0-8D11-00A0C91BC942}") = "LibTIFF4", "..\externals\FreeImage-3.17.0\Source\LibTIFF4\LibTIFF4.2013.vcxproj", "{EC085CBD-E9C3-477F-9A97-CB9D5DA30E27}"
EndProject
Project("{8BC9CEB8-8B4A-11D0-8D11-00A0C91BC942}") = "LibWebP", "..\externals\FreeImage-3.17.0\Source\LibWebP\LibWebP.2013.vcxproj", "{097D9F6C-FD0E-4CBC-9676-009012AAECA8}"
EndProject
Project("{8BC9CEB8-8B4A-11D0-8D11-00A0C91BC942}") = "OpenEXR", "..\externals\FreeImage-3.17.0\Source\OpenEXR\OpenEXR.2013.vcxproj", "{17A4874B-0606-4687-90B6-F91F8CB3B8AF}"
EndProject
Project("{8BC9CEB8-8B4A-11D0-8D11-00A0C91BC942}") = "ZLib", "..\externals\zlib-win64\ZLib_VS14.vcxproj", "{AE5221D1-87E2-4428-8EF9-F25909C43291}"
EndProject
Project("{8BC9CEB8-8B4A-11D0-8D11-00A0C91BC942}") = "GLM", "..\externals\glm-0.9.7.4\GLM.vcxproj", "{01F6089F-1787-4F0B-A5E1-F2F7D142604E}"
EndProject
Project("{8BC9CEB8-8B4A-11D0-8D11-00A0C91BC942}") = "FreeImage", "..\externals\FreeImage-3.17.0\FreeImage.vcxproj", "{B39ED2B3-D53A-4077-B957-930979A3577D}"
EndProject
Project("{8BC9CEB8-8B4A-11D0-8D11-00A0C91BC942}") = "FreeImageLib", "..\externals\FreeImage-3.17.0\Source\FreeImageLib\FreeImageLib.2013.vcxproj", "{9E219DF2-315D-478E-8A07-8960C377CE1E}"
EndProject
Global
	GlobalSection(SolutionConfigurationPlatforms) = preSolution
		Debug|x64 = Debug|x64
		Profile|x64 = Profile|x64
		Release|x64 = Release|x64
	EndGlobalSection
	GlobalSection(ProjectConfigurationPlatforms) = postSolution
		{949C68E3-D541-46AE-83A0-4A0019185541}.Debug|x64.ActiveCfg = Debug|x64
		{949C68E3-D541-46AE-83A0-4A0019185541}.Debug|x64.Build.0 = Debug|x64
		{949C68E3-D541-46AE-83A0-4A0019185541}.Profile|x64.ActiveCfg = Profile|x64
		{949C68E3-D541-46AE-83A0-4A0019185541}.Profile|x64.Build.0 = Profile|x64
		{949C68E3-D541-46AE-83A0-4A0019185541}.Release|x64.ActiveCfg = Release|x64
		{949C68E3-D541-46AE-83A0-4A0019185541}.Release|x64.Build.0 = Release|x64
		{E24ED2EE-3B52-433E-8C44-479A840B9541}.Debug|x64.ActiveCfg = Debug|x64
		{E24ED2EE-3B52-433E-8C44-479A840B9541}.Debug|x64.Build.0 = Debug|x64
		{E24ED2EE-3B52-433E-8C44-479A840B9541}.Profile|x64.ActiveCfg = Profile|x64
		{E24ED2EE-3B52-433E-8C44-479A840B9541}.Profile|x64.Build.0 = Profile|x64
		{E24ED2EE-3B52-433E-8C44-479A840B9541}.Release|x64.ActiveCfg = Release|x64
		{E24ED2EE-3B52-433E-8C44-479A840B9541}.Release|x64.Build.0 = Release|x64
		{A0FD3A85-698F-45FC-9277-E7F2B8687F2D}.Debug|x64.ActiveCfg = Debug|x64
		{A0FD3A85-698F-45FC-9277-E7F2B8687F2D}.Debug|x64.Build.0 = Debug|x64
		{A0FD3A85-698F-45FC-9277-E7F2B8687F2D}.Profile|x64.ActiveCfg = Release|x64
		{A0FD3A85-698F-45FC-9277-E7F2B8687F2D}.Profile|x64.Build.0 = Release|x64
		{A0FD3A85-698F-45FC-9277-E7F2B8687F2D}.Release|x64.ActiveCfg = Release|x64
		{A0FD3A85-698F-45FC-9277-E7F2B8687F2D}.Release|x64.Build.0 = Release|x64
		{5E1D4E5F-E10C-4BA3-B663-F33014FD21D9}.Debug|x64.ActiveCfg = Debug|x64
		{5E1D4E5F-E10C-4BA3-B663-F33014FD21D9}.Debug|x64.Build.0 = Debug|x64
		{5E1D4E5F-E10C-4BA3-B663-F33014FD21D9}.Profile|x64.ActiveCfg = Release|x64
		{5E1D4E5F-E10C-4BA3-B663-F33014FD21D9}.Profile|x64.Build.0 = Release|x64
		{5E1D4E5F-E10C-4BA3-B663-F33014FD21D9}.Release|x64.ActiveCfg = Release|x64
		{5E1D4E5F-E10C-4BA3-B663-F33014FD21D9}.Release|x64.Build.0 = Release|x64
		{244455E0-5F25-4451-9540-F317883E52A8}.Debug|x64.ActiveCfg = Debug|x64
		{244455E0-5F25-4451-9540-F317883E52A8}.Debug|x64.Build.0 = Debug|x64
		{244455E0-5F25-4451-9540-F317883E52A8}.Profile|x64.ActiveCfg = Release|x64
		{244455E0-5F25-4451-9540-F317883E52A8}.Profile|x64.Build.0 = Release|x64
		{244455E0-5F25-4451-9540-F317883E52A8}.Release|x64.ActiveCfg = Release|x64
		{244455E0-5F25-4451-9540-F317883E52A8}.Release|x64.Build.0 = Release|x64
		{E3536C28-A7F1-4B53-8E52-7D2232F9E098}.Debug|x64.ActiveCfg = Debug|x64
		{E3536C28-A7F1-4B53-8E52-7D2232F9E098}.Debug|x64.Build.0 = Debug|x64
		{E3536C28-A7F1-4B53-8E52-7D2232F9E098}.Profile|x64.ActiveCfg = Release|x64
		{E3536C28-A7F1-4B53-8E52-7D2232F9E098}.Profile|x64.Build.0 = Release|x64
		{E3536C28-A7F1-4B53-8E52-7D2232F9E098}.Release|x64.ActiveCfg = Release|x64
		{E3536C28-A7F1-4B53-8E52-7D2232F9E098}.Release|x64.Build.0 = Release|x64
		{7DB10B50-CE00-4D7A-B322-6824F05D2FCB}.Debug|x64.ActiveCfg = Debug|x64
		{7DB10B50-CE00-4D7A-B322-6824F05D2FCB}.Debug|x64.Build.0 = Debug|x64
		{7DB10B50-CE00-4D7A-B322-6824F05D2FCB}.Profile|x64.ActiveCfg = Release|x64
		{7DB10B50-CE00-4D7A-B322-6824F05D2FCB}.Profile|x64.Build.0 = Release|x64
		{7DB10B50-CE00-4D7A-B322-6824F05D2FCB}.Release|x64.ActiveCfg = Release|x64
		{7DB10B50-CE00-4D7A-B322-6824F05D2FCB}.Release|x64.Build.0 = Release|x64
		{07F662C1-1323-42AB-B6AF-FBFD34A7437A}.Debug|x64.ActiveCfg = Debug|x64
		{07F662C1-1323-42AB-B6AF-FBFD34A7437A}.Debug|x64.Build.0 = Debug|x64
		{07F662C1-1323-42AB-B6AF-FBFD34A7437A}.Profile|x64.ActiveCfg = Release|x64
		{07F662C1-1323-42AB-B6AF-FBFD34A7437A}.Profile|x64.Build.0 = Release|x64
		{07F662C1-1323-42AB-B6AF-FBFD34A7437A}.Release|x64.ActiveCfg = Release|x64
		{07F662C1-1323-42AB-B6AF-FBFD34A7437A}.Release|x64.Build.0 = Release|x64
		{EC085CBD-E9C3-477F-9A97-CB9D5DA30E27}.Debug|x64.ActiveCfg = Debug|x64
		{EC085CBD-E9C3-477F-9A97-CB9D5DA30E27}.Debug|x64.Build.0 = Debug|x64
		{EC085CBD-E9C3-477F-9A97-CB9D5DA30E27}.Profile|x64.ActiveCfg = Release|x64
		{EC085CBD-E9C3-477F-9A97-CB9D5DA30E27}.Profile|x64.Build.0 = Release|x64
		{EC085CBD-E9C3-477F-9A97-CB9D5DA30E27}.Release|x64.ActiveCfg = Release|x64
		{EC085CBD-E9C3-477F-9A97-CB9D5DA30E27}.Release|x64.Build.0 = Release|x64
		{097D9F6C-FD0E-4CBC-9676-009012AAECA8}.Debug|x64.ActiveCfg = Debug|x64
		{097D9F6C-FD0E-4CBC-9676-009012AAECA8}.Debug|x64.Build.0 = Debug|x64
		{097D9F6C-FD0E-4CBC-9676-009012AAECA8}.Profile|x64.ActiveCfg = Release|x64
		{097D9F6C-FD0E-4CBC-9676-009012AAECA8}.Profile|x64.Build.0 = Release|x64
		{097D9F6C-FD0E-4CBC-9676-009012AAECA8}.Release|x64.ActiveCfg = Release|x64
		{097D9F6C-FD0E-4CBC-9676-009012AAECA8}.Release|x64.Build.0 = Release|x64
		{17A4874B-0606-4687-90B6-F91F8CB3B8AF}.Debug|x64.ActiveCfg = Debug|x64
		{17A4874B-0606-4687-90B6-F91F8CB3B8AF}.Debug|x64.Build.0 = Debug|x64
		{17A4874B-0606-4687-90B6-F91F8CB3B8AF}.Profile|x64.ActiveCfg = Release|x64
		{17A4874B-0606-4687-90B6-F91F8CB3B8AF}.Profile|x64.Build.0 = Release|x64
		{17A4874B-0606-4687-90B6-F91F8CB3B8AF}.Release|x64.ActiveCfg = Release|x64
		{17A4874B-0606-4687-90B6-F91F8CB3B8AF}.Release|x64.Build.0 = Release|x64
		{AE5221D1-87E2-4428-8EF9-F25909C43291}.Debug|x64.ActiveCfg = Debug|x64
		{AE5221D1-87E2-4428-8EF9-F25909C43291}.Debug|x64.Build.0 = Debug|x64
		{AE5221D1-87E2-4428-8EF9-F25909C43291}.Profile|x64.ActiveCfg = Profile|x64
		{AE5221D1-87E2-4428-8EF9-F25909C43291}.Profile|x64.Build.0 = Profile|x64
		{AE5221D1-87E2-4428-8EF9-F25909C43291}.Release|x64.ActiveCfg = Release|x64
		{AE5221D1-87E2-4428-8EF9-F25909C43291}.Release|x64.Build.0 = Release|x64
		{01F6089F-1787-4F0B-A5E1-F2F7D142604E}.Debug|x64.ActiveCfg = Debug|x64
		{01F6089F-1787-4F0B-A5E1-F2F7D142604E}.Profile|x64.ActiveCfg = Release|x64
		{01F6089F-1787-4F0B-A5E1-F2F7D142604E}.Release|x64.ActiveCfg = Release|x64
		{B39ED2B3-D53A-4077-B957-930979A3577D}.Debug|x64.ActiveCfg = Debug|x64
		{B39ED2B3-D53A-4077-B957-930979A3577D}.Debug|x64.Build.0 = Debug|x64
		{B39ED2B3-D53A-4077-B957-930979A3577D}.Profile|x64.ActiveCfg = Release|x64
		{B39ED2B3-D53A-4077-B957-930979A3577D}.Profile|x64.Build.0 = Release|x64
		{B39ED2B3-D53A-4077-B957-930979A3577D}.Profile|x64.Deploy.0 = Release|x64
		{B39ED2B3-D53A-4077-B957-930979A3577D}.Release|x64.ActiveCfg = Release|x64
		{B39ED2B3-D53A-4077-B957-930979A3577D}.Release|x64.Build.0 = Release|x64
		{9E219DF2-315D-478E-8A07-8960C377CE1E}.Debug|x64.ActiveCfg = Debug|x64
		{9E219DF2-315D-478E-8A07-8960C377CE1E}.Debug|x64.Build.0 = Debug|x64
		{9E219DF2-315D-478E-8A07-8960C377CE1E}.Profile|x64.ActiveCfg = Release|x64
		{9E219DF2-315D-478E-8A07-8960C377CE1E}.Profile|x64.Build.0 = Release|x64
		{9E219DF2-315D-478E-8A07-8960C377CE1E}.Release|x64.ActiveCfg = Release|x64
		{9E219DF2-315D-478E-8A07-8960C377CE1E}.Release|x64.Build.0 = Release|x64
	EndGlobalSection
	GlobalSection(SolutionProperties) = preSolution
		HideSolutionNode = FALSE
	EndGlobalSection
	GlobalSection(NestedProjects) = preSolution
		{A0FD3A85-698F-45FC-9277-E7F2B8687F2D} = {2CD11000-CC8E-43F3-8C3B-127DF052ECF0}
		{45E22C93-1FF6-4456-AC88-95CFE09A2CD4} = {2CD11000-CC8E-43F3-8C3B-127DF052ECF0}
		{5E1D4E5F-E10C-4BA3-B663-F33014FD21D9} = {45E22C93-1FF6-4456-AC88-95CFE09A2CD4}
		{244455E0-5F25-4451-9540-F317883E52A8} = {45E22C93-1FF6-4456-AC88-95CFE09A2CD4}
		{E3536C28-A7F1-4B53-8E52-7D2232F9E098} = {45E22C93-1FF6-4456-AC88-95CFE09A2CD4}
		{7DB10B50-CE00-4D7A-B322-6824F05D2FCB} = {45E22C93-1FF6-4456-AC88-95CFE09A2CD4}
		{07F662C1-1323-42AB-B6AF-FBFD34A7437A} = {45E22C93-1FF6-4456-AC88-95CFE09A2CD4}
		{EC085CBD-E9C3-477F-9A97-CB9D5DA30E27} = {45E22C93-1FF6-4456-AC88-95CFE09A2CD4}
		{097D9F6C-FD0E-4CBC-9676-009012AAECA8} = {45E22C93-1FF6-4456-AC88-95CFE09A2CD4}
		{17A4874B-0606-4687-90B6-F91F8CB3B8AF} = {45E22C93-1FF6-4456-AC88-95CFE09A2CD4}
		{AE5221D1-87E2-4428-8EF9-F25909C43291} = {2CD11000-CC8E-43F3-8C3B-127DF052ECF0}
		{01F6089F-1787-4F0B-A5E1-F2F7D142604E} = {2CD11000-CC8E-43F3-8C3B-127DF052ECF0}
		{B39ED2B3-D53A-4077-B957-930979A3577D} = {45E22C93-1FF6-4456-AC88-95CFE09A2CD4}
		{9E219DF2-315D-478E-8A07-8960C377CE1E} = {45E22C93-1FF6-4456-AC88-95CFE09A2CD4}
	EndGlobalSection
EndGlobal
