<?xml version="1.0" encoding="utf-8"?>
<Project ToolsVersion="4.0" xmlns="http://schemas.microsoft.com/developer/msbuild/2003">
  <ItemGroup>
    <Filter Include="Source Files">
      <UniqueIdentifier>{4FC737F1-C7A5-4376-A066-2A32D752A2FF}</UniqueIdentifier>
      <Extensions>cpp;c;cc;cxx;def;odl;idl;hpj;bat;asm;asmx</Extensions>
    </Filter>
    <Filter Include="Header Files">
      <UniqueIdentifier>{93995380-89BD-4b04-88EB-625FBE52EBFB}</UniqueIdentifier>
      <Extensions>h;hh;hpp;hxx;hm;inl;inc;xsd</Extensions>
    </Filter>
    <Filter Include="Resource Files">
      <UniqueIdentifier>{67DA6AB6-F800-4c08-8B7A-83BB121AAD01}</UniqueIdentifier>
      <Extensions>rc;ico;cur;bmp;dlg;rc2;rct;bin;rgs;gif;jpg;jpeg;jpe;resx;tiff;tif;png;wav;mfcribbon-ms</Extensions>
    </Filter>
    <Filter Include="Assets">
      <UniqueIdentifier>{5a00f004-142e-4329-9b9e-649c0d838458}</UniqueIdentifier>
    </Filter>
    <Filter Include="Assets\Shaders">
      <UniqueIdentifier>{7fe88ca7-6e43-48be-8295-a675ba1462c0}</UniqueIdentifier>
    </Filter>
    <Filter Include="Assets\Shaders\Include">
      <UniqueIdentifier>{418e055c-c109-4f53-b6c6-383d06a89a0c}</UniqueIdentifier>
    </Filter>
  </ItemGroup>
  <ItemGroup>
    <ClCompile Include="..\src\main.cpp">
      <Filter>Source Files</Filter>
    </ClCompile>
    <ClCompile Include="..\src\GamePCH.cpp">
      <Filter>Source Files</Filter>
    </ClCompile>
    <ClCompile Include="..\src\CameraController.cpp">
      <Filter>Source Files</Filter>
    </ClCompile>
    <ClCompile Include="..\src\AbstractPass.cpp">
      <Filter>Source Files</Filter>
    </ClCompile>
    <ClCompile Include="..\src\RenderTechnique.cpp">
      <Filter>Source Files</Filter>
    </ClCompile>
    <ClCompile Include="..\src\BasePass.cpp">
      <Filter>Source Files</Filter>
    </ClCompile>
    <ClCompile Include="..\src\OpaquePass.cpp">
      <Filter>Source Files</Filter>
    </ClCompile>
    <ClCompile Include="..\src\ClearRenderTargetPass.cpp">
      <Filter>Source Files</Filter>
    </ClCompile>
    <ClCompile Include="..\src\TransparentPass.cpp">
      <Filter>Source Files</Filter>
    </ClCompile>
    <ClCompile Include="..\src\PushProfileMarkerPass.cpp">
      <Filter>Source Files</Filter>
    </ClCompile>
    <ClCompile Include="..\src\PopProfileMarkerPass.cpp">
      <Filter>Source Files</Filter>
    </ClCompile>
    <ClCompile Include="..\src\InvokeFunctionPass.cpp">
      <Filter>Source Files</Filter>
    </ClCompile>
    <ClCompile Include="..\src\ConfigurationSettings.cpp">
      <Filter>Source Files</Filter>
    </ClCompile>
    <ClCompile Include="..\src\LightsPass.cpp">
      <Filter>Source Files</Filter>
    </ClCompile>
    <ClCompile Include="..\src\CompositePass.cpp">
      <Filter>Source Files</Filter>
    </ClCompile>
    <ClCompile Include="..\src\PostprocessPass.cpp">
      <Filter>Source Files</Filter>
    </ClCompile>
    <ClCompile Include="..\src\PrintProfileDataVisitor.cpp">
      <Filter>Source Files</Filter>
    </ClCompile>
  </ItemGroup>
  <ItemGroup>
    <ClInclude Include="..\inc\GamePCH.h">
      <Filter>Header Files</Filter>
    </ClInclude>
    <ClInclude Include="resource.h">
      <Filter>Header Files</Filter>
    </ClInclude>
    <ClInclude Include="..\inc\ConstantBuffers.h">
      <Filter>Header Files</Filter>
    </ClInclude>
    <ClInclude Include="..\inc\CameraController.h">
      <Filter>Header Files</Filter>
    </ClInclude>
    <ClInclude Include="..\inc\RenderPass.h">
      <Filter>Header Files</Filter>
    </ClInclude>
    <ClInclude Include="..\inc\AbstractPass.h">
      <Filter>Header Files</Filter>
    </ClInclude>
    <ClInclude Include="..\inc\RenderTechnique.h">
      <Filter>Header Files</Filter>
    </ClInclude>
    <ClInclude Include="..\inc\BasePass.h">
      <Filter>Header Files</Filter>
    </ClInclude>
    <ClInclude Include="..\inc\OpaquePass.h">
      <Filter>Header Files</Filter>
    </ClInclude>
    <ClInclude Include="..\inc\ClearRenderTargetPass.h">
      <Filter>Header Files</Filter>
    </ClInclude>
    <ClInclude Include="..\resource.h">
      <Filter>Header Files</Filter>
    </ClInclude>
    <ClInclude Include="..\inc\TransparentPass.h">
      <Filter>Header Files</Filter>
    </ClInclude>
    <ClInclude Include="..\inc\PushProfileMarkerPass.h">
      <Filter>Header Files</Filter>
    </ClInclude>
    <ClInclude Include="..\inc\PopProfileMarkerPass.h">
      <Filter>Header Files</Filter>
    </ClInclude>
    <ClInclude Include="..\inc\InvokeFunctionPass.h">
      <Filter>Header Files</Filter>
    </ClInclude>
    <ClInclude Include="..\inc\ConfigurationSettings.h">
      <Filter>Header Files</Filter>
    </ClInclude>
    <ClInclude Include="..\inc\LightsPass.h">
      <Filter>Header Files</Filter>
    </ClInclude>
    <ClInclude Include="..\inc\CompositePass.h">
      <Filter>Header Files</Filter>
    </ClInclude>
    <ClInclude Include="..\inc\PostprocessPass.h">
      <Filter>Header Files</Filter>
    </ClInclude>
    <ClInclude Include="..\inc\PrintProfileDataVisitor.h">
      <Filter>Header Files</Filter>
    </ClInclude>
  </ItemGroup>
  <ItemGroup>
    <FxCompile Include="..\Assets\shaders\DepthPass_PS.hlsl">
      <Filter>Assets\Shaders</Filter>
    </FxCompile>
    <FxCompile Include="..\Assets\shaders\Simple_PS.hlsl">
      <Filter>Assets\Shaders</Filter>
    </FxCompile>
    <FxCompile Include="..\Assets\shaders\Simple_VS.hlsl">
      <Filter>Assets\Shaders</Filter>
    </FxCompile>
    <FxCompile Include="..\Assets\shaders\UpdateLights_CS.hlsl">
      <Filter>Assets\Shaders</Filter>
    </FxCompile>
    <FxCompile Include="..\Assets\shaders\DebugLights_PS.hlsl">
      <Filter>Assets\Shaders</Filter>
    </FxCompile>
    <FxCompile Include="..\Assets\shaders\DebugLights_VS.hlsl">
      <Filter>Assets\Shaders</Filter>
    </FxCompile>
    <FxCompile Include="..\Assets\shaders\ComputeGridFrustums_CS.hlsl">
      <Filter>Assets\Shaders</Filter>
    </FxCompile>
    <FxCompile Include="..\Assets\shaders\CullLights_CS.hlsl">
      <Filter>Assets\Shaders</Filter>
    </FxCompile>
    <FxCompile Include="..\Assets\shaders\DebugTexture_PS.hlsl">
      <Filter>Assets\Shaders</Filter>
    </FxCompile>
    <FxCompile Include="..\Assets\shaders\Forward_PS.hlsl">
      <Filter>Assets\Shaders</Filter>
    </FxCompile>
    <FxCompile Include="..\Assets\shaders\Forward_VS.hlsl">
      <Filter>Assets\Shaders</Filter>
    </FxCompile>
    <FxCompile Include="..\Assets\shaders\ForwardPlus_PS.hlsl">
      <Filter>Assets\Shaders</Filter>
    </FxCompile>
    <FxCompile Include="..\Assets\shaders\ForwardPlus_VS.hlsl">
      <Filter>Assets\Shaders</Filter>
    </FxCompile>
    <FxCompile Include="..\Assets\shaders\ClusterSamples_PS.hlsl">
      <Filter>Assets\Shaders</Filter>
    </FxCompile>
    <FxCompile Include="..\Assets\shaders\ClusterSamples_VS.hlsl">
      <Filter>Assets\Shaders</Filter>
    </FxCompile>
    <FxCompile Include="..\Assets\shaders\FindUniqueClusters_CS.hlsl">
      <Filter>Assets\Shaders</Filter>
    </FxCompile>
    <FxCompile Include="..\Assets\shaders\AssignLightsToClusters_CS.hlsl">
      <Filter>Assets\Shaders</Filter>
    </FxCompile>
    <FxCompile Include="..\Assets\shaders\ComputeClusterAABBs_CS.hlsl">
      <Filter>Assets\Shaders</Filter>
    </FxCompile>
    <FxCompile Include="..\Assets\shaders\DebugClusters_VSGSPS.hlsl">
      <Filter>Assets\Shaders</Filter>
    </FxCompile>
    <FxCompile Include="..\Assets\shaders\Clustered_PS.hlsl">
      <Filter>Assets\Shaders</Filter>
    </FxCompile>
    <FxCompile Include="..\Assets\shaders\Clustered_VS.hlsl">
      <Filter>Assets\Shaders</Filter>
    </FxCompile>
    <FxCompile Include="..\Assets\shaders\UpdateClusterIndirectArgumentBuffers_CS.hlsl">
      <Filter>Assets\Shaders</Filter>
    </FxCompile>
    <FxCompile Include="..\Assets\shaders\ReduceLightsAABB_CS.hlsl">
      <Filter>Assets\Shaders</Filter>
    </FxCompile>
    <FxCompile Include="..\Assets\shaders\ComputeLightMortonCodes_CS.hlsl">
      <Filter>Assets\Shaders</Filter>
    </FxCompile>
    <FxCompile Include="..\Assets\shaders\RadixSort_CS.hlsl">
      <Filter>Assets\Shaders</Filter>
    </FxCompile>
    <FxCompile Include="..\Assets\shaders\MergeSort_CS.hlsl">
      <Filter>Assets\Shaders</Filter>
    </FxCompile>
    <FxCompile Include="..\Assets\shaders\BuildBVH_CS.hlsl">
      <Filter>Assets\Shaders</Filter>
    </FxCompile>
    <FxCompile Include="..\Assets\shaders\AssignLightsToClustersBVH_CS.hlsl">
      <Filter>Assets\Shaders</Filter>
    </FxCompile>
    <FxCompile Include="..\Assets\shaders\DebugTexture_VS.hlsl">
      <Filter>Assets\Shaders</Filter>
    </FxCompile>
    <FxCompile Include="..\Assets\shaders\CountLights_CS.hlsl">
      <Filter>Assets\Shaders</Filter>
    </FxCompile>
  </ItemGroup>
  <ItemGroup>
    <None Include="..\inc\ConfigurationSettings.inl">
      <Filter>Header Files</Filter>
    </None>
    <None Include="..\Assets\shaders\Include\CommonInclude.hlsli">
      <Filter>Assets\Shaders\Include</Filter>
    </None>
    <None Include="..\Assets\shaders\Include\Arguments.hlsli">
      <Filter>Assets\Shaders\Include</Filter>
    </None>
    <None Include="..\Assets\shaders\Include\Functions.hlsli">
      <Filter>Assets\Shaders\Include</Filter>
    </None>
    <None Include="..\Assets\shaders\Include\Structures.hlsli">
      <Filter>Assets\Shaders\Include</Filter>
    </None>
    <None Include="..\Assets\shaders\Include\RootSignatures.hlsli">
      <Filter>Assets\Shaders\Include</Filter>
    </None>
  </ItemGroup>
  <ItemGroup>
    <ResourceCompile Include="Game.rc">
      <Filter>Resource Files</Filter>
    </ResourceCompile>
  </ItemGroup>
</Project>